
Microsoft Visual Studio Solution File, Format Version 12.00
# Visual Studio Version 17
VisualStudioVersion = 17.14.36429.23 d17.14
MinimumVisualStudioVersion = 10.0.40219.1
Project("{FAE04EC0-301F-11D3-BF4B-00C04F79EFBC}") = "Project1", "Project1.csproj", "{9385C89A-9AD5-4A5C-B3DF-E49C18221870}"
EndProject
Global
	GlobalSection(SolutionConfigurationPlatforms) = preSolution
		Debug|Any CPU = Debug|Any CPU
		Release|Any CPU = Release|Any CPU
	EndGlobalSection
	GlobalSection(ProjectConfigurationPlatforms) = postSolution
		{9385C89A-9AD5-4A5C-B3DF-E49C18221870}.Debug|Any CPU.ActiveCfg = Debug|Any CPU
		{9385C89A-9AD5-4A5C-B3DF-E49C18221870}.Debug|Any CPU.Build.0 = Debug|Any CPU
		{9385C89A-9AD5-4A5C-B3DF-E49C18221870}.Release|Any CPU.ActiveCfg = Release|Any CPU
		{9385C89A-9AD5-4A5C-B3DF-E49C18221870}.Release|Any CPU.Build.0 = Release|Any CPU
	EndGlobalSection
	GlobalSection(SolutionProperties) = preSolution
		HideSolutionNode = FALSE
	EndGlobalSection
	GlobalSection(ExtensibilityGlobals) = postSolution
		SolutionGuid = {E6705AE1-9B29-4EAF-B6DB-CCBB33D3AB8B}
	EndGlobalSection
EndGlobal
